
Microsoft Visual Studio Solution File, Format Version 12.00
# Visual Studio Version 16
Project("{8BC9CEB8-8B4A-11D0-8D11-00A0C91BC942}") = "OpenWorld", "OpenWorld\OpenWorld.vcxproj", "{DF1E07A7-4B89-BB1D-94C7-6CC300719972}"
EndProject
Project("{8BC9CEB8-8B4A-11D0-8D11-00A0C91BC942}") = "Urban", "Urban\Urban.vcxproj", "{FD53410E-6968-69BF-32EA-0C1F9EBD65F0}"
EndProject
Global
	GlobalSection(SolutionConfigurationPlatforms) = preSolution
		Debug|x64 = Debug|x64
		Dist|x64 = Dist|x64
		Release|x64 = Release|x64
	EndGlobalSection
	GlobalSection(ProjectConfigurationPlatforms) = postSolution
		{DF1E07A7-4B89-BB1D-94C7-6CC300719972}.Debug|x64.ActiveCfg = Debug|x64
		{DF1E07A7-4B89-BB1D-94C7-6CC300719972}.Debug|x64.Build.0 = Debug|x64
		{DF1E07A7-4B89-BB1D-94C7-6CC300719972}.Dist|x64.ActiveCfg = Dist|x64
		{DF1E07A7-4B89-BB1D-94C7-6CC300719972}.Dist|x64.Build.0 = Dist|x64
		{DF1E07A7-4B89-BB1D-94C7-6CC300719972}.Release|x64.ActiveCfg = Release|x64
		{DF1E07A7-4B89-BB1D-94C7-6CC300719972}.Release|x64.Build.0 = Release|x64
		{FD53410E-6968-69BF-32EA-0C1F9EBD65F0}.Debug|x64.ActiveCfg = Debug|x64
		{FD53410E-6968-69BF-32EA-0C1F9EBD65F0}.Debug|x64.Build.0 = Debug|x64
		{FD53410E-6968-69BF-32EA-0C1F9EBD65F0}.Dist|x64.ActiveCfg = Dist|x64
		{FD53410E-6968-69BF-32EA-0C1F9EBD65F0}.Dist|x64.Build.0 = Dist|x64
		{FD53410E-6968-69BF-32EA-0C1F9EBD65F0}.Release|x64.ActiveCfg = Release|x64
		{FD53410E-6968-69BF-32EA-0C1F9EBD65F0}.Release|x64.Build.0 = Release|x64
	EndGlobalSection
	GlobalSection(SolutionProperties) = preSolution
		HideSolutionNode = FALSE
	EndGlobalSection
EndGlobal
