<?xml version="1.0" encoding="utf-8"?>
<Project ToolsVersion="4.0" xmlns="http://schemas.microsoft.com/developer/msbuild/2003">
  <ItemGroup>
    <Filter Include="src">
      <UniqueIdentifier>{2DAB880B-99B4-887C-2230-9F7C8E38947C}</UniqueIdentifier>
    </Filter>
    <Filter Include="src\Cobalt">
      <UniqueIdentifier>{31889709-1D40-D956-8647-B2B2721E7447}</UniqueIdentifier>
    </Filter>
    <Filter Include="src\Cobalt\Core">
      <UniqueIdentifier>{29735253-95FE-BF17-9E0F-430C0A1A1C18}</UniqueIdentifier>
    </Filter>
    <Filter Include="src\Cobalt\Events">
      <UniqueIdentifier>{F5F2DD76-6109-DC0C-AA80-672E16D6AC94}</UniqueIdentifier>
    </Filter>
    <Filter Include="src\Cobalt\ImGui">
      <UniqueIdentifier>{1B9E0BBE-0797-2A10-30C9-0F951C210A1C}</UniqueIdentifier>
    </Filter>
    <Filter Include="src\Cobalt\RenderingTest">
      <UniqueIdentifier>{7EFE22FD-6A23-727D-936E-570D7FF2709B}</UniqueIdentifier>
    </Filter>
    <Filter Include="src\Platform">
      <UniqueIdentifier>{21CA02E5-0D2D-9289-B6B2-CA3FA2F45D0C}</UniqueIdentifier>
    </Filter>
    <Filter Include="src\Platform\OpenGL">
      <UniqueIdentifier>{35A49437-A105-7245-2A73-B8F796D3A804}</UniqueIdentifier>
    </Filter>
    <Filter Include="vendor">
      <UniqueIdentifier>{B3738122-9F15-ACF8-88D0-BF4C74113349}</UniqueIdentifier>
    </Filter>
    <Filter Include="vendor\stb_image">
      <UniqueIdentifier>{0DA0BA59-F998-D9AB-22CB-BE300E23B9B7}</UniqueIdentifier>
    </Filter>
  </ItemGroup>
  <ItemGroup>
    <ClInclude Include="src\Cobalt.h">
      <Filter>src</Filter>
    </ClInclude>
    <ClInclude Include="src\Cobalt\Core\Application.h">
      <Filter>src\Cobalt\Core</Filter>
    </ClInclude>
    <ClInclude Include="src\Cobalt\Core\Core.h">
      <Filter>src\Cobalt\Core</Filter>
    </ClInclude>
    <ClInclude Include="src\Cobalt\Core\EntryPoint.h">
      <Filter>src\Cobalt\Core</Filter>
    </ClInclude>
    <ClInclude Include="src\Cobalt\Core\Input.h">
      <Filter>src\Cobalt\Core</Filter>
    </ClInclude>
    <ClInclude Include="src\Cobalt\Core\KeyCodes.h">
      <Filter>src\Cobalt\Core</Filter>
    </ClInclude>
    <ClInclude Include="src\Cobalt\Core\Layer.h">
      <Filter>src\Cobalt\Core</Filter>
    </ClInclude>
    <ClInclude Include="src\Cobalt\Core\LayerStack.h">
      <Filter>src\Cobalt\Core</Filter>
    </ClInclude>
    <ClInclude Include="src\Cobalt\Core\Logger.h">
      <Filter>src\Cobalt\Core</Filter>
    </ClInclude>
    <ClInclude Include="src\Cobalt\Core\MouseButtonCodes.h">
      <Filter>src\Cobalt\Core</Filter>
    </ClInclude>
    <ClInclude Include="src\Cobalt\Core\Window.h">
      <Filter>src\Cobalt\Core</Filter>
    </ClInclude>
    <ClInclude Include="src\Cobalt\Events\ApplicationEvent.h">
      <Filter>src\Cobalt\Events</Filter>
    </ClInclude>
    <ClInclude Include="src\Cobalt\Events\Event.h">
      <Filter>src\Cobalt\Events</Filter>
    </ClInclude>
    <ClInclude Include="src\Cobalt\Events\KeyEvent.h">
      <Filter>src\Cobalt\Events</Filter>
    </ClInclude>
    <ClInclude Include="src\Cobalt\Events\MouseEvent.h">
      <Filter>src\Cobalt\Events</Filter>
    </ClInclude>
    <ClInclude Include="src\Cobalt\ImGui\ImGuiLayer.h">
      <Filter>src\Cobalt\ImGui</Filter>
    </ClInclude>
    <ClInclude Include="src\Cobalt\RenderingTest\IndexBuffer.h">
      <Filter>src\Cobalt\RenderingTest</Filter>
    </ClInclude>
    <ClInclude Include="src\Cobalt\RenderingTest\Renderer.h">
      <Filter>src\Cobalt\RenderingTest</Filter>
    </ClInclude>
    <ClInclude Include="src\Cobalt\RenderingTest\RenderingTest.h">
      <Filter>src\Cobalt\RenderingTest</Filter>
    </ClInclude>
    <ClInclude Include="src\Cobalt\RenderingTest\Shader.h">
      <Filter>src\Cobalt\RenderingTest</Filter>
    </ClInclude>
    <ClInclude Include="src\Cobalt\RenderingTest\Texture.h">
      <Filter>src\Cobalt\RenderingTest</Filter>
    </ClInclude>
    <ClInclude Include="src\Cobalt\RenderingTest\VertexArray.h">
      <Filter>src\Cobalt\RenderingTest</Filter>
    </ClInclude>
    <ClInclude Include="src\Cobalt\RenderingTest\VertexBuffer.h">
      <Filter>src\Cobalt\RenderingTest</Filter>
    </ClInclude>
    <ClInclude Include="src\Cobalt\RenderingTest\VertexBufferLayout.h">
      <Filter>src\Cobalt\RenderingTest</Filter>
    </ClInclude>
    <ClInclude Include="src\Platform\OpenGL\GLWindow.h">
      <Filter>src\Platform\OpenGL</Filter>
    </ClInclude>
    <ClInclude Include="src\Platform\OpenGL\ImGuiOpenGLRenderer.h">
      <Filter>src\Platform\OpenGL</Filter>
    </ClInclude>
    <ClInclude Include="src\cbpch.h">
      <Filter>src</Filter>
    </ClInclude>
    <ClInclude Include="vendor\stb_image\stb_image.h">
      <Filter>vendor\stb_image</Filter>
    </ClInclude>
  </ItemGroup>
  <ItemGroup>
    <ClCompile Include="src\Cobalt\Core\Application.cpp">
      <Filter>src\Cobalt\Core</Filter>
    </ClCompile>
    <ClCompile Include="src\Cobalt\Core\Layer.cpp">
      <Filter>src\Cobalt\Core</Filter>
    </ClCompile>
    <ClCompile Include="src\Cobalt\Core\LayerStack.cpp">
      <Filter>src\Cobalt\Core</Filter>
    </ClCompile>
    <ClCompile Include="src\Cobalt\Core\Logger.cpp">
      <Filter>src\Cobalt\Core</Filter>
    </ClCompile>
    <ClCompile Include="src\Cobalt\ImGui\ImGuiLayer.cpp">
      <Filter>src\Cobalt\ImGui</Filter>
    </ClCompile>
    <ClCompile Include="src\Cobalt\RenderingTest\IndexBuffer.cpp">
      <Filter>src\Cobalt\RenderingTest</Filter>
    </ClCompile>
    <ClCompile Include="src\Cobalt\RenderingTest\Renderer.cpp">
      <Filter>src\Cobalt\RenderingTest</Filter>
    </ClCompile>
    <ClCompile Include="src\Cobalt\RenderingTest\RenderingTest.cpp">
      <Filter>src\Cobalt\RenderingTest</Filter>
    </ClCompile>
    <ClCompile Include="src\Cobalt\RenderingTest\Shader.cpp">
      <Filter>src\Cobalt\RenderingTest</Filter>
    </ClCompile>
    <ClCompile Include="src\Cobalt\RenderingTest\Texture.cpp">
      <Filter>src\Cobalt\RenderingTest</Filter>
    </ClCompile>
    <ClCompile Include="src\Cobalt\RenderingTest\VertexArray.cpp">
      <Filter>src\Cobalt\RenderingTest</Filter>
    </ClCompile>
    <ClCompile Include="src\Cobalt\RenderingTest\VertexBuffer.cpp">
      <Filter>src\Cobalt\RenderingTest</Filter>
    </ClCompile>
    <ClCompile Include="src\Platform\OpenGL\GLInput.cpp">
      <Filter>src\Platform\OpenGL</Filter>
    </ClCompile>
    <ClCompile Include="src\Platform\OpenGL\GLWindow.cpp">
      <Filter>src\Platform\OpenGL</Filter>
    </ClCompile>
    <ClCompile Include="src\Platform\OpenGL\ImGuiOpenGLRenderer.cpp">
      <Filter>src\Platform\OpenGL</Filter>
    </ClCompile>
    <ClCompile Include="src\cbpch.cpp">
      <Filter>src</Filter>
    </ClCompile>
    <ClCompile Include="vendor\stb_image\stb_image.cpp">
      <Filter>vendor\stb_image</Filter>
    </ClCompile>
  </ItemGroup>
</Project>