<?xml version="1.0" encoding="utf-8"?>
<Project ToolsVersion="4.0" xmlns="http://schemas.microsoft.com/developer/msbuild/2003">
  <ItemGroup>
    <Filter Include="Urban">
      <UniqueIdentifier>{FD53410E-6968-69BF-32EA-0C1F9EBD65F0}</UniqueIdentifier>
    </Filter>
    <Filter Include="Urban\Events">
      <UniqueIdentifier>{4101ABFB-2D64-3AA0-D6E9-7256C22B0623}</UniqueIdentifier>
    </Filter>
  </ItemGroup>
  <ItemGroup>
    <ClInclude Include="src\Urban.h" />
    <ClInclude Include="src\Urban\Application.h">
      <Filter>Urban</Filter>
    </ClInclude>
    <ClInclude Include="src\Urban\Core.h">
      <Filter>Urban</Filter>
    </ClInclude>
    <ClInclude Include="src\Urban\EntryPoint.h">
      <Filter>Urban</Filter>
    </ClInclude>
    <ClInclude Include="src\Urban\Events\ApplicationEvent.h">
      <Filter>Urban\Events</Filter>
    </ClInclude>
    <ClInclude Include="src\Urban\Events\Event.h">
      <Filter>Urban\Events</Filter>
    </ClInclude>
    <ClInclude Include="src\Urban\Events\KeyEvent.h">
      <Filter>Urban\Events</Filter>
    </ClInclude>
    <ClInclude Include="src\Urban\Events\MouseEvent.h">
      <Filter>Urban\Events</Filter>
    </ClInclude>
    <ClInclude Include="src\Urban\Log.h">
      <Filter>Urban</Filter>
    </ClInclude>
  </ItemGroup>
  <ItemGroup>
    <ClCompile Include="src\Urban\Application.cpp">
      <Filter>Urban</Filter>
    </ClCompile>
    <ClCompile Include="src\Urban\Log.cpp">
      <Filter>Urban</Filter>
    </ClCompile>
  </ItemGroup>
</Project>